
Microsoft Visual Studio Solution File, Format Version 12.00
# Visual Studio Version 16
VisualStudioVersion = 16.0.31702.278
MinimumVisualStudioVersion = 10.0.40219.1
Project("{FAE04EC0-301F-11D3-BF4B-00C04F79EFBC}") = "firstProject", "firstProject\firstProject.csproj", "{2886A119-FA96-4FA5-A285-FECD139B8D86}"
EndProject
Global
	GlobalSection(SolutionConfigurationPlatforms) = preSolution
		Debug|Any CPU = Debug|Any CPU
		Release|Any CPU = Release|Any CPU
	EndGlobalSection
	GlobalSection(ProjectConfigurationPlatforms) = postSolution
		{2886A119-FA96-4FA5-A285-FECD139B8D86}.Debug|Any CPU.ActiveCfg = Debug|Any CPU
		{2886A119-FA96-4FA5-A285-FECD139B8D86}.Debug|Any CPU.Build.0 = Debug|Any CPU
		{2886A119-FA96-4FA5-A285-FECD139B8D86}.Release|Any CPU.ActiveCfg = Release|Any CPU
		{2886A119-FA96-4FA5-A285-FECD139B8D86}.Release|Any CPU.Build.0 = Release|Any CPU
	EndGlobalSection
	GlobalSection(SolutionProperties) = preSolution
		HideSolutionNode = FALSE
	EndGlobalSection
	GlobalSection(ExtensibilityGlobals) = postSolution
		SolutionGuid = {0F67C82A-A23D-4A1D-8FB9-5F786752B1BD}
	EndGlobalSection
EndGlobal
